Microsoft Visual Studio Solution File, Format Version 12.00
# Visual Studio Version 17
VisualStudioVersion = 17.5.2.0
MinimumVisualStudioVersion = 10.0.40219.1
Project("{FAE04EC0-301F-11D3-BF4B-00C04F79EFBC}") = "DemoConsole", "DotNet\DemoConsole.csproj", "{7D42DCC2-7C08-9DD1-A5C6-990793516889}"
EndProject
Global
	GlobalSection(SolutionConfigurationPlatforms) = preSolution
		Debug|Any CPU = Debug|Any CPU
		Release|Any CPU = Release|Any CPU
	EndGlobalSection
	GlobalSection(ProjectConfigurationPlatforms) = postSolution
		{7D42DCC2-7C08-9DD1-A5C6-990793516889}.Debug|Any CPU.ActiveCfg = Debug|Any CPU
		{7D42DCC2-7C08-9DD1-A5C6-990793516889}.Debug|Any CPU.Build.0 = Debug|Any CPU
		{7D42DCC2-7C08-9DD1-A5C6-990793516889}.Release|Any CPU.ActiveCfg = Release|Any CPU
		{7D42DCC2-7C08-9DD1-A5C6-990793516889}.Release|Any CPU.Build.0 = Release|Any CPU
	EndGlobalSection
	GlobalSection(SolutionProperties) = preSolution
		HideSolutionNode = FALSE
	EndGlobalSection
	GlobalSection(ExtensibilityGlobals) = postSolution
		SolutionGuid = {B43FC402-34F6-4410-9E23-23ED320BDADA}
	EndGlobalSection
EndGlobal
